
Microsoft Visual Studio Solution File, Format Version 12.00
# Visual Studio Version 17
VisualStudioVersion = 17.13.35806.99 d17.13
MinimumVisualStudioVersion = 10.0.40219.1
Project("{FAE04EC0-301F-11D3-BF4B-00C04F79EFBC}") = "TestTimeConsumingOperationWebAPI", "TestTimeConsumingOperationWebAPI\TestTimeConsumingOperationWebAPI.csproj", "{1C76ACBE-9921-4A75-9DF5-11008D9EB6F2}"
EndProject
Global
	GlobalSection(SolutionConfigurationPlatforms) = preSolution
		Debug|Any CPU = Debug|Any CPU
		Release|Any CPU = Release|Any CPU
	EndGlobalSection
	GlobalSection(ProjectConfigurationPlatforms) = postSolution
		{1C76ACBE-9921-4A75-9DF5-11008D9EB6F2}.Debug|Any CPU.ActiveCfg = Debug|Any CPU
		{1C76ACBE-9921-4A75-9DF5-11008D9EB6F2}.Debug|Any CPU.Build.0 = Debug|Any CPU
		{1C76ACBE-9921-4A75-9DF5-11008D9EB6F2}.Release|Any CPU.ActiveCfg = Release|Any CPU
		{1C76ACBE-9921-4A75-9DF5-11008D9EB6F2}.Release|Any CPU.Build.0 = Release|Any CPU
	EndGlobalSection
	GlobalSection(SolutionProperties) = preSolution
		HideSolutionNode = FALSE
	EndGlobalSection
	GlobalSection(ExtensibilityGlobals) = postSolution
		SolutionGuid = {39D5F9A2-CC08-453F-B097-1785DA4DCB2A}
	EndGlobalSection
EndGlobal
